# Optional operator diagnostics; never enables live inference.
--require-hashes
--only-binary=:all:
dcap-qvl==0.6.3 \
    --hash=sha256:1a16bb8b9eb21f27e10f1886735367da82ca80e334e38ea8df4c0d80c1211373 \
    --hash=sha256:3a56d1089eb78011877013cbb86a119bde7d53e998f015cafdcc2e8c733cf579 \
    --hash=sha256:3ac72a0ef2eb7e591ac66646b3899a0e008a46bf743d07716c34d7540214c295 \
    --hash=sha256:4144d8c862592f8d4420d4b4acbafd00161ab55cbe0e29b9a10a84383b98115c \
    --hash=sha256:7bb441177dd13f71ea6ad6aca827956a85351d0e61673ced46aac1921ac59261 \
    --hash=sha256:993f7bc59e6cb7de0a383f2cd9b99f1f151f9d399a70783cfc8bc886318fdbfd \
    --hash=sha256:c811b0eaff88b60d43d351a318f03b21e830f1969fb3b6426c290aa3d292c93b
